
Microsoft Visual Studio Solution File, Format Version 12.00
# Visual Studio 15
VisualStudioVersion = 15.0.27428.2015
MinimumVisualStudioVersion = 10.0.40219.1
Project("{8BC9CEB8-8B4A-11D0-8D11-00A0C91BC942}") = "SCSample", "SCSample.vcxproj", "{83C96FF0-8685-4C21-B8E9-2D92D2D29CEA}"
EndProject
Global
	GlobalSection(SolutionConfigurationPlatforms) = preSolution
		Debug|x86 = Debug|x86
		Release|x86 = Release|x86
	EndGlobalSection
	GlobalSection(ProjectConfigurationPlatforms) = postSolution
		{83C96FF0-8685-4C21-B8E9-2D92D2D29CEA}.Debug|x86.ActiveCfg = Debug|Win32
		{83C96FF0-8685-4C21-B8E9-2D92D2D29CEA}.Debug|x86.Build.0 = Debug|Win32
		{83C96FF0-8685-4C21-B8E9-2D92D2D29CEA}.Release|x86.ActiveCfg = Release|Win32
		{83C96FF0-8685-4C21-B8E9-2D92D2D29CEA}.Release|x86.Build.0 = Release|Win32
	EndGlobalSection
	GlobalSection(SolutionProperties) = preSolution
		HideSolutionNode = FALSE
	EndGlobalSection
	GlobalSection(ExtensibilityGlobals) = postSolution
		SolutionGuid = {EC45B15D-22BB-4F3A-97A7-512EEBC72E1B}
	EndGlobalSection
EndGlobal
